
Microsoft Visual Studio Solution File, Format Version 12.00
# Visual Studio Version 17
VisualStudioVersion = 17.4.33205.214
MinimumVisualStudioVersion = 10.0.40219.1
Project("{FAE04EC0-301F-11D3-BF4B-00C04F79EFBC}") = "ConsoleApp6", "ConsoleApp6\ConsoleApp6.csproj", "{C8840E2A-9D5C-408D-A2B1-1C42FEB7890D}"
EndProject
Global
	GlobalSection(SolutionConfigurationPlatforms) = preSolution
		Debug|Any CPU = Debug|Any CPU
		Release|Any CPU = Release|Any CPU
	EndGlobalSection
	GlobalSection(ProjectConfigurationPlatforms) = postSolution
		{C8840E2A-9D5C-408D-A2B1-1C42FEB7890D}.Debug|Any CPU.ActiveCfg = Debug|Any CPU
		{C8840E2A-9D5C-408D-A2B1-1C42FEB7890D}.Debug|Any CPU.Build.0 = Debug|Any CPU
		{C8840E2A-9D5C-408D-A2B1-1C42FEB7890D}.Release|Any CPU.ActiveCfg = Release|Any CPU
		{C8840E2A-9D5C-408D-A2B1-1C42FEB7890D}.Release|Any CPU.Build.0 = Release|Any CPU
	EndGlobalSection
	GlobalSection(SolutionProperties) = preSolution
		HideSolutionNode = FALSE
	EndGlobalSection
	GlobalSection(ExtensibilityGlobals) = postSolution
		SolutionGuid = {0E9A5B27-A064-4BED-AEC3-D272ED560BC6}
	EndGlobalSection
EndGlobal
